
Microsoft Visual Studio Solution File, Format Version 12.00
# Visual Studio 15
VisualStudioVersion = 15.0.37611.6
MinimumVisualStudioVersion = 10.0.40219.1
Project("{8BC9CEB8-8B4A-11D0-8D11-00A0C91BC942}") = "argo", "argo.vcxproj", "{F3A2E190-E602-4C19-A3CB-18677C4262F3}"
EndProject
Project("{8BC9CEB8-8B4A-11D0-8D11-00A0C91BC942}") = "libargo", "libargo.vcxproj", "{FBA3B760-E7B7-4FBF-9528-E23BD1D5C288}"
EndProject
Global
	GlobalSection(SolutionConfigurationPlatforms) = preSolution
		Debug|x64 = Debug|x64
		Debug|x86 = Debug|x86
		Release|x64 = Release|x64
		Release|x86 = Release|x86
	EndGlobalSection
	GlobalSection(ProjectConfigurationPlatforms) = postSolution
		{F3A2E190-E602-4C19-A3CB-18677C4262F3}.Debug|x64.ActiveCfg = Debug|x64
		{F3A2E190-E602-4C19-A3CB-18677C4262F3}.Debug|x64.Build.0 = Debug|x64
		{F3A2E190-E602-4C19-A3CB-18677C4262F3}.Debug|x86.ActiveCfg = Debug|Win32
		{F3A2E190-E602-4C19-A3CB-18677C4262F3}.Debug|x86.Build.0 = Debug|Win32
		{F3A2E190-E602-4C19-A3CB-18677C4262F3}.Release|x64.ActiveCfg = Release|x64
		{F3A2E190-E602-4C19-A3CB-18677C4262F3}.Release|x64.Build.0 = Release|x64
		{F3A2E190-E602-4C19-A3CB-18677C4262F3}.Release|x86.ActiveCfg = Release|Win32
		{F3A2E190-E602-4C19-A3CB-18677C4262F3}.Release|x86.Build.0 = Release|Win32
		{FBA3B760-E7B7-4FBF-9528-E23BD1D5C288}.Debug|x64.ActiveCfg = Debug|x64
		{FBA3B760-E7B7-4FBF-9528-E23BD1D5C288}.Debug|x64.Build.0 = Debug|x64
		{FBA3B760-E7B7-4FBF-9528-E23BD1D5C288}.Debug|x86.ActiveCfg = Debug|Win32
		{FBA3B760-E7B7-4FBF-9528-E23BD1D5C288}.Debug|x86.Build.0 = Debug|Win32
		{FBA3B760-E7B7-4FBF-9528-E23BD1D5C288}.Release|x64.ActiveCfg = Release|x64
		{FBA3B760-E7B7-4FBF-9528-E23BD1D5C288}.Release|x64.Build.0 = Release|x64
		{FBA3B760-E7B7-4FBF-9528-E23BD1D5C288}.Release|x86.ActiveCfg = Release|Win32
		{FBA3B760-E7B7-4FBF-9528-E23BD1D5C288}.Release|x86.Build.0 = Release|Win32
	EndGlobalSection
	GlobalSection(SolutionProperties) = preSolution
		HideSolutionNode = FALSE
	EndGlobalSection
	GlobalSection(ExtensibilityGlobals) = postSolution
		SolutionGuid = {9B1FB9E4-F65F-42DB-9A6E-A684C8D34892}
	EndGlobalSection
EndGlobal
