
Microsoft Visual Studio Solution File, Format Version 12.00
# Visual Studio Version 16
VisualStudioVersion = 16.0.36631.11
MinimumVisualStudioVersion = 10.0.40219.1
Project("{8BC9CEB8-8B4A-11D0-8D11-00A0C91BC942}") = "argo", "argo.vcxproj", "{C4AB0C31-0CFE-48A2-9431-8F9E8167445A}"
EndProject
Project("{8BC9CEB8-8B4A-11D0-8D11-00A0C91BC942}") = "libargo", "libargo.vcxproj", "{D04981A4-C627-4C28-BBBF-911073C35221}"
EndProject
Global
	GlobalSection(SolutionConfigurationPlatforms) = preSolution
		Debug|x64 = Debug|x64
		Debug|x86 = Debug|x86
		Release|x64 = Release|x64
		Release|x86 = Release|x86
	EndGlobalSection
	GlobalSection(ProjectConfigurationPlatforms) = postSolution
		{C4AB0C31-0CFE-48A2-9431-8F9E8167445A}.Debug|x64.ActiveCfg = Debug|x64
		{C4AB0C31-0CFE-48A2-9431-8F9E8167445A}.Debug|x64.Build.0 = Debug|x64
		{C4AB0C31-0CFE-48A2-9431-8F9E8167445A}.Debug|x86.ActiveCfg = Debug|Win32
		{C4AB0C31-0CFE-48A2-9431-8F9E8167445A}.Debug|x86.Build.0 = Debug|Win32
		{C4AB0C31-0CFE-48A2-9431-8F9E8167445A}.Release|x64.ActiveCfg = Release|x64
		{C4AB0C31-0CFE-48A2-9431-8F9E8167445A}.Release|x64.Build.0 = Release|x64
		{C4AB0C31-0CFE-48A2-9431-8F9E8167445A}.Release|x86.ActiveCfg = Release|Win32
		{C4AB0C31-0CFE-48A2-9431-8F9E8167445A}.Release|x86.Build.0 = Release|Win32
		{D04981A4-C627-4C28-BBBF-911073C35221}.Debug|x64.ActiveCfg = Debug|x64
		{D04981A4-C627-4C28-BBBF-911073C35221}.Debug|x64.Build.0 = Debug|x64
		{D04981A4-C627-4C28-BBBF-911073C35221}.Debug|x86.ActiveCfg = Debug|Win32
		{D04981A4-C627-4C28-BBBF-911073C35221}.Debug|x86.Build.0 = Debug|Win32
		{D04981A4-C627-4C28-BBBF-911073C35221}.Release|x64.ActiveCfg = Release|x64
		{D04981A4-C627-4C28-BBBF-911073C35221}.Release|x64.Build.0 = Release|x64
		{D04981A4-C627-4C28-BBBF-911073C35221}.Release|x86.ActiveCfg = Release|Win32
		{D04981A4-C627-4C28-BBBF-911073C35221}.Release|x86.Build.0 = Release|Win32
	EndGlobalSection
	GlobalSection(SolutionProperties) = preSolution
		HideSolutionNode = FALSE
	EndGlobalSection
	GlobalSection(ExtensibilityGlobals) = postSolution
		SolutionGuid = {C7AB0A3D-1D5C-467F-A23C-EE2ED643D3EE}
	EndGlobalSection
EndGlobal
